
Microsoft Visual Studio Solution File, Format Version 12.00
# Visual Studio Version 17
VisualStudioVersion = 17.12.35514.174
MinimumVisualStudioVersion = 10.0.40219.1
Project("{FAE04EC0-301F-11D3-BF4B-00C04F79EFBC}") = "HelpDeskHQ.Core", "HelpDeskHQ.Core\HelpDeskHQ.Core.csproj", "{B4C2EE00-2E17-4407-BA94-F8E4A40F2F3B}"
EndProject
Project("{FAE04EC0-301F-11D3-BF4B-00C04F79EFBC}") = "HelpDeskHQ.Security", "HelpDeskHQ.Security\HelpDeskHQ.Security.csproj", "{FC0B31C3-1DB2-4431-88EC-8D1945FFD731}"
EndProject
Project("{2150E333-8FDC-42A3-9474-1A3956D46DE8}") = "Api", "Api", "{1BB8FA06-77DF-4E97-B35B-A35C81951A8B}"
EndProject
Project("{2150E333-8FDC-42A3-9474-1A3956D46DE8}") = "Core", "Core", "{76191363-122E-4C29-AC1F-08C2F99D96BB}"
EndProject
Project("{2150E333-8FDC-42A3-9474-1A3956D46DE8}") = "Tests", "Tests", "{DA50E455-ED8D-4E08-9643-A4FD55F149AE}"
EndProject
Project("{2150E333-8FDC-42A3-9474-1A3956D46DE8}") = "Infrastructure", "Infrastructure", "{4353BA04-6668-4F47-9FA6-EAC7B2A757E2}"
EndProject
Project("{FAE04EC0-301F-11D3-BF4B-00C04F79EFBC}") = "HelpDeskHQ.Persistence", "HelpDeskHQ.Persistence\HelpDeskHQ.Persistence.csproj", "{9D5082C3-8A0D-402E-A19D-57480DF34042}"
EndProject
Project("{FAE04EC0-301F-11D3-BF4B-00C04F79EFBC}") = "HelpDeskHQ.SecurityTests", "HelpDeskHQ.SecurityTests\HelpDeskHQ.SecurityTests.csproj", "{0A174022-4C7B-42F0-B216-1B8AB6ADCA50}"
EndProject
Project("{FAE04EC0-301F-11D3-BF4B-00C04F79EFBC}") = "HelpDeskHQ.Domain", "HelpDeskHQ.Domain\HelpDeskHQ.Domain.csproj", "{C629A787-5983-40D5-AB8F-EF7CF5E65941}"
EndProject
Project("{FAE04EC0-301F-11D3-BF4B-00C04F79EFBC}") = "HelpDeskHQ.Infrastructure", "HelpDeskHQ.Infrastructure\HelpDeskHQ.Infrastructure.csproj", "{91166E7E-715E-4E0B-9939-EDA62ED5AB9D}"
EndProject
Global
	GlobalSection(SolutionConfigurationPlatforms) = preSolution
		Debug|Any CPU = Debug|Any CPU
		Release|Any CPU = Release|Any CPU
	EndGlobalSection
	GlobalSection(ProjectConfigurationPlatforms) = postSolution
		{B4C2EE00-2E17-4407-BA94-F8E4A40F2F3B}.Debug|Any CPU.ActiveCfg = Debug|Any CPU
		{B4C2EE00-2E17-4407-BA94-F8E4A40F2F3B}.Debug|Any CPU.Build.0 = Debug|Any CPU
		{B4C2EE00-2E17-4407-BA94-F8E4A40F2F3B}.Release|Any CPU.ActiveCfg = Release|Any CPU
		{B4C2EE00-2E17-4407-BA94-F8E4A40F2F3B}.Release|Any CPU.Build.0 = Release|Any CPU
		{FC0B31C3-1DB2-4431-88EC-8D1945FFD731}.Debug|Any CPU.ActiveCfg = Debug|Any CPU
		{FC0B31C3-1DB2-4431-88EC-8D1945FFD731}.Debug|Any CPU.Build.0 = Debug|Any CPU
		{FC0B31C3-1DB2-4431-88EC-8D1945FFD731}.Release|Any CPU.ActiveCfg = Release|Any CPU
		{FC0B31C3-1DB2-4431-88EC-8D1945FFD731}.Release|Any CPU.Build.0 = Release|Any CPU
		{9D5082C3-8A0D-402E-A19D-57480DF34042}.Debug|Any CPU.ActiveCfg = Debug|Any CPU
		{9D5082C3-8A0D-402E-A19D-57480DF34042}.Debug|Any CPU.Build.0 = Debug|Any CPU
		{9D5082C3-8A0D-402E-A19D-57480DF34042}.Release|Any CPU.ActiveCfg = Release|Any CPU
		{9D5082C3-8A0D-402E-A19D-57480DF34042}.Release|Any CPU.Build.0 = Release|Any CPU
		{0A174022-4C7B-42F0-B216-1B8AB6ADCA50}.Debug|Any CPU.ActiveCfg = Debug|Any CPU
		{0A174022-4C7B-42F0-B216-1B8AB6ADCA50}.Debug|Any CPU.Build.0 = Debug|Any CPU
		{0A174022-4C7B-42F0-B216-1B8AB6ADCA50}.Release|Any CPU.ActiveCfg = Release|Any CPU
		{0A174022-4C7B-42F0-B216-1B8AB6ADCA50}.Release|Any CPU.Build.0 = Release|Any CPU
		{C629A787-5983-40D5-AB8F-EF7CF5E65941}.Debug|Any CPU.ActiveCfg = Debug|Any CPU
		{C629A787-5983-40D5-AB8F-EF7CF5E65941}.Debug|Any CPU.Build.0 = Debug|Any CPU
		{C629A787-5983-40D5-AB8F-EF7CF5E65941}.Release|Any CPU.ActiveCfg = Release|Any CPU
		{C629A787-5983-40D5-AB8F-EF7CF5E65941}.Release|Any CPU.Build.0 = Release|Any CPU
		{91166E7E-715E-4E0B-9939-EDA62ED5AB9D}.Debug|Any CPU.ActiveCfg = Debug|Any CPU
		{91166E7E-715E-4E0B-9939-EDA62ED5AB9D}.Debug|Any CPU.Build.0 = Debug|Any CPU
		{91166E7E-715E-4E0B-9939-EDA62ED5AB9D}.Release|Any CPU.ActiveCfg = Release|Any CPU
		{91166E7E-715E-4E0B-9939-EDA62ED5AB9D}.Release|Any CPU.Build.0 = Release|Any CPU
	EndGlobalSection
	GlobalSection(SolutionProperties) = preSolution
		HideSolutionNode = FALSE
	EndGlobalSection
	GlobalSection(NestedProjects) = preSolution
		{B4C2EE00-2E17-4407-BA94-F8E4A40F2F3B} = {76191363-122E-4C29-AC1F-08C2F99D96BB}
		{FC0B31C3-1DB2-4431-88EC-8D1945FFD731} = {1BB8FA06-77DF-4E97-B35B-A35C81951A8B}
		{9D5082C3-8A0D-402E-A19D-57480DF34042} = {4353BA04-6668-4F47-9FA6-EAC7B2A757E2}
		{0A174022-4C7B-42F0-B216-1B8AB6ADCA50} = {DA50E455-ED8D-4E08-9643-A4FD55F149AE}
		{C629A787-5983-40D5-AB8F-EF7CF5E65941} = {76191363-122E-4C29-AC1F-08C2F99D96BB}
		{91166E7E-715E-4E0B-9939-EDA62ED5AB9D} = {4353BA04-6668-4F47-9FA6-EAC7B2A757E2}
	EndGlobalSection
EndGlobal
